apiVersion: vendir.k14s.io/v1alpha1
directories:
- contents:
  - git:
      commitTitle: 'chore: do not delete named volumes'
      sha: 9c959962a38306bcc2a48a9dc17669054331c31a
    path: .
  path: ../.github/workflows/vendor
- contents:
  - git:
      commitTitle: 'chore: do not delete named volumes'
      sha: 9c959962a38306bcc2a48a9dc17669054331c31a
    path: .
  path: ./vendor
kind: LockConfig
